{
  "requires": true,
  "lockfileVersion": 1,
  "dependencies": {
    "open-youtube-api": {
      "version": "file:../open-youtube-api",
      "requires": {
        "axios": "^0.20.0",
        "moment": "^2.28.0"
      },
      "dependencies": {
        "axios": {
          "version": "0.20.0",
          "requires": {
            "follow-redirects": "^1.10.0"
          }
        },
        "follow-redirects": {
          "version": "1.13.0"
        },
        "moment": {
          "version": "2.28.0"
        }
      }
    }
  }
}
